
Microsoft Visual Studio Solution File, Format Version 12.00
# Visual Studio 15
Project("{FAE04EC0-301F-11D3-BF4B-00C04F79EFBC}") = "Assembly-CSharp", "Assembly-CSharp.csproj", "{3C024F14-54A7-3E11-4E4C-E5DF2FC3A8FC}"
EndProject
Project("{FAE04EC0-301F-11D3-BF4B-00C04F79EFBC}") = "Mirror.Examples", "Mirror.Examples.csproj", "{477DADBD-A84F-3EC5-20D5-FAB12E621D57}"
EndProject
Project("{FAE04EC0-301F-11D3-BF4B-00C04F79EFBC}") = "Mirror", "Mirror.csproj", "{96D49537-745C-20F3-7682-9424F9E178BF}"
EndProject
Project("{FAE04EC0-301F-11D3-BF4B-00C04F79EFBC}") = "Edgegap", "Edgegap.csproj", "{E5B8EF88-C8D1-B436-F6BF-28D979C07B77}"
EndProject
Project("{FAE04EC0-301F-11D3-BF4B-00C04F79EFBC}") = "Mirror.Transports", "Mirror.Transports.csproj", "{5E37686A-6BA7-EA78-7E5C-16CEDFBF45AF}"
EndProject
Project("{FAE04EC0-301F-11D3-BF4B-00C04F79EFBC}") = "Mirror.Components", "Mirror.Components.csproj", "{F4E82EC1-29E8-57FA-E87A-65AC465C920A}"
EndProject
Project("{FAE04EC0-301F-11D3-BF4B-00C04F79EFBC}") = "Unity.Mirror.CodeGen", "Unity.Mirror.CodeGen.csproj", "{FD2AEA3E-9F07-D4D6-3CE7-BA33F1583F68}"
EndProject
Project("{FAE04EC0-301F-11D3-BF4B-00C04F79EFBC}") = "Mirror.Editor", "Mirror.Editor.csproj", "{12BF642B-5B92-B46B-3E22-A0EC77BB2DCF}"
EndProject
Project("{FAE04EC0-301F-11D3-BF4B-00C04F79EFBC}") = "Telepathy", "Telepathy.csproj", "{196E35B4-5185-4946-E6F1-0F58942F9EC4}"
EndProject
Project("{FAE04EC0-301F-11D3-BF4B-00C04F79EFBC}") = "SimpleWebTransport", "SimpleWebTransport.csproj", "{1221C357-BA2F-B688-4AA2-FD116156B9B5}"
EndProject
Project("{FAE04EC0-301F-11D3-BF4B-00C04F79EFBC}") = "kcp2k", "kcp2k.csproj", "{2F5EA66B-DCB8-A578-1CDF-2F5EE7A46889}"
EndProject
Project("{FAE04EC0-301F-11D3-BF4B-00C04F79EFBC}") = "Mirror.Authenticators", "Mirror.Authenticators.csproj", "{D561889F-583D-C594-C68D-9BB987AF0CC4}"
EndProject
Project("{FAE04EC0-301F-11D3-BF4B-00C04F79EFBC}") = "EncryptionTransportEditor", "EncryptionTransportEditor.csproj", "{173CDE31-9B8D-BCFA-B3D6-E5E66BE7F428}"
EndProject
Project("{FAE04EC0-301F-11D3-BF4B-00C04F79EFBC}") = "Mirror.CompilerSymbols", "Mirror.CompilerSymbols.csproj", "{DD0EF00A-A54D-AB82-2172-4ACCE8198900}"
EndProject
Global
	GlobalSection(SolutionConfigurationPlatforms) = preSolution
		Debug|Any CPU = Debug|Any CPU
		Release|Any CPU = Release|Any CPU
	EndGlobalSection
	GlobalSection(ProjectConfigurationPlatforms) = postSolution
		{3C024F14-54A7-3E11-4E4C-E5DF2FC3A8FC}.Debug|Any CPU.ActiveCfg = Debug|Any CPU
		{3C024F14-54A7-3E11-4E4C-E5DF2FC3A8FC}.Debug|Any CPU.Build.0 = Debug|Any CPU
		{3C024F14-54A7-3E11-4E4C-E5DF2FC3A8FC}.Release|Any CPU.ActiveCfg = Release|Any CPU
		{3C024F14-54A7-3E11-4E4C-E5DF2FC3A8FC}.Release|Any CPU.Build.0 = Release|Any CPU
		{477DADBD-A84F-3EC5-20D5-FAB12E621D57}.Debug|Any CPU.ActiveCfg = Debug|Any CPU
		{477DADBD-A84F-3EC5-20D5-FAB12E621D57}.Debug|Any CPU.Build.0 = Debug|Any CPU
		{477DADBD-A84F-3EC5-20D5-FAB12E621D57}.Release|Any CPU.ActiveCfg = Release|Any CPU
		{477DADBD-A84F-3EC5-20D5-FAB12E621D57}.Release|Any CPU.Build.0 = Release|Any CPU
		{96D49537-745C-20F3-7682-9424F9E178BF}.Debug|Any CPU.ActiveCfg = Debug|Any CPU
		{96D49537-745C-20F3-7682-9424F9E178BF}.Debug|Any CPU.Build.0 = Debug|Any CPU
		{96D49537-745C-20F3-7682-9424F9E178BF}.Release|Any CPU.ActiveCfg = Release|Any CPU
		{96D49537-745C-20F3-7682-9424F9E178BF}.Release|Any CPU.Build.0 = Release|Any CPU
		{E5B8EF88-C8D1-B436-F6BF-28D979C07B77}.Debug|Any CPU.ActiveCfg = Debug|Any CPU
		{E5B8EF88-C8D1-B436-F6BF-28D979C07B77}.Debug|Any CPU.Build.0 = Debug|Any CPU
		{E5B8EF88-C8D1-B436-F6BF-28D979C07B77}.Release|Any CPU.ActiveCfg = Release|Any CPU
		{E5B8EF88-C8D1-B436-F6BF-28D979C07B77}.Release|Any CPU.Build.0 = Release|Any CPU
		{5E37686A-6BA7-EA78-7E5C-16CEDFBF45AF}.Debug|Any CPU.ActiveCfg = Debug|Any CPU
		{5E37686A-6BA7-EA78-7E5C-16CEDFBF45AF}.Debug|Any CPU.Build.0 = Debug|Any CPU
		{5E37686A-6BA7-EA78-7E5C-16CEDFBF45AF}.Release|Any CPU.ActiveCfg = Release|Any CPU
		{5E37686A-6BA7-EA78-7E5C-16CEDFBF45AF}.Release|Any CPU.Build.0 = Release|Any CPU
		{F4E82EC1-29E8-57FA-E87A-65AC465C920A}.Debug|Any CPU.ActiveCfg = Debug|Any CPU
		{F4E82EC1-29E8-57FA-E87A-65AC465C920A}.Debug|Any CPU.Build.0 = Debug|Any CPU
		{F4E82EC1-29E8-57FA-E87A-65AC465C920A}.Release|Any CPU.ActiveCfg = Release|Any CPU
		{F4E82EC1-29E8-57FA-E87A-65AC465C920A}.Release|Any CPU.Build.0 = Release|Any CPU
		{FD2AEA3E-9F07-D4D6-3CE7-BA33F1583F68}.Debug|Any CPU.ActiveCfg = Debug|Any CPU
		{FD2AEA3E-9F07-D4D6-3CE7-BA33F1583F68}.Debug|Any CPU.Build.0 = Debug|Any CPU
		{FD2AEA3E-9F07-D4D6-3CE7-BA33F1583F68}.Release|Any CPU.ActiveCfg = Release|Any CPU
		{FD2AEA3E-9F07-D4D6-3CE7-BA33F1583F68}.Release|Any CPU.Build.0 = Release|Any CPU
		{12BF642B-5B92-B46B-3E22-A0EC77BB2DCF}.Debug|Any CPU.ActiveCfg = Debug|Any CPU
		{12BF642B-5B92-B46B-3E22-A0EC77BB2DCF}.Debug|Any CPU.Build.0 = Debug|Any CPU
		{12BF642B-5B92-B46B-3E22-A0EC77BB2DCF}.Release|Any CPU.ActiveCfg = Release|Any CPU
		{12BF642B-5B92-B46B-3E22-A0EC77BB2DCF}.Release|Any CPU.Build.0 = Release|Any CPU
		{196E35B4-5185-4946-E6F1-0F58942F9EC4}.Debug|Any CPU.ActiveCfg = Debug|Any CPU
		{196E35B4-5185-4946-E6F1-0F58942F9EC4}.Debug|Any CPU.Build.0 = Debug|Any CPU
		{196E35B4-5185-4946-E6F1-0F58942F9EC4}.Release|Any CPU.ActiveCfg = Release|Any CPU
		{196E35B4-5185-4946-E6F1-0F58942F9EC4}.Release|Any CPU.Build.0 = Release|Any CPU
		{1221C357-BA2F-B688-4AA2-FD116156B9B5}.Debug|Any CPU.ActiveCfg = Debug|Any CPU
		{1221C357-BA2F-B688-4AA2-FD116156B9B5}.Debug|Any CPU.Build.0 = Debug|Any CPU
		{1221C357-BA2F-B688-4AA2-FD116156B9B5}.Release|Any CPU.ActiveCfg = Release|Any CPU
		{1221C357-BA2F-B688-4AA2-FD116156B9B5}.Release|Any CPU.Build.0 = Release|Any CPU
		{2F5EA66B-DCB8-A578-1CDF-2F5EE7A46889}.Debug|Any CPU.ActiveCfg = Debug|Any CPU
		{2F5EA66B-DCB8-A578-1CDF-2F5EE7A46889}.Debug|Any CPU.Build.0 = Debug|Any CPU
		{2F5EA66B-DCB8-A578-1CDF-2F5EE7A46889}.Release|Any CPU.ActiveCfg = Release|Any CPU
		{2F5EA66B-DCB8-A578-1CDF-2F5EE7A46889}.Release|Any CPU.Build.0 = Release|Any CPU
		{D561889F-583D-C594-C68D-9BB987AF0CC4}.Debug|Any CPU.ActiveCfg = Debug|Any CPU
		{D561889F-583D-C594-C68D-9BB987AF0CC4}.Debug|Any CPU.Build.0 = Debug|Any CPU
		{D561889F-583D-C594-C68D-9BB987AF0CC4}.Release|Any CPU.ActiveCfg = Release|Any CPU
		{D561889F-583D-C594-C68D-9BB987AF0CC4}.Release|Any CPU.Build.0 = Release|Any CPU
		{173CDE31-9B8D-BCFA-B3D6-E5E66BE7F428}.Debug|Any CPU.ActiveCfg = Debug|Any CPU
		{173CDE31-9B8D-BCFA-B3D6-E5E66BE7F428}.Debug|Any CPU.Build.0 = Debug|Any CPU
		{173CDE31-9B8D-BCFA-B3D6-E5E66BE7F428}.Release|Any CPU.ActiveCfg = Release|Any CPU
		{173CDE31-9B8D-BCFA-B3D6-E5E66BE7F428}.Release|Any CPU.Build.0 = Release|Any CPU
		{DD0EF00A-A54D-AB82-2172-4ACCE8198900}.Debug|Any CPU.ActiveCfg = Debug|Any CPU
		{DD0EF00A-A54D-AB82-2172-4ACCE8198900}.Debug|Any CPU.Build.0 = Debug|Any CPU
		{DD0EF00A-A54D-AB82-2172-4ACCE8198900}.Release|Any CPU.ActiveCfg = Release|Any CPU
		{DD0EF00A-A54D-AB82-2172-4ACCE8198900}.Release|Any CPU.Build.0 = Release|Any CPU
	EndGlobalSection
	GlobalSection(SolutionProperties) = preSolution
		HideSolutionNode = FALSE
	EndGlobalSection
EndGlobal
